
Microsoft Visual Studio Solution File, Format Version 12.00
Project("{2150E333-8FDC-42A3-9474-1A3956D46DE8}") = "src", "src", "{79A5A792-0898-4551-93CC-B487EA7B1E4A}"
EndProject
Project("{FAE04EC0-301F-11D3-BF4B-00C04F79EFBC}") = "Nuke.Extensions", "src\Nuke.Extensions\Nuke.Extensions.csproj", "{0B65772F-6B34-438B-829A-18A21B6CC74A}"
EndProject
Global
	GlobalSection(SolutionConfigurationPlatforms) = preSolution
		Debug|Any CPU = Debug|Any CPU
		Release|Any CPU = Release|Any CPU
	EndGlobalSection
	GlobalSection(NestedProjects) = preSolution
		{0B65772F-6B34-438B-829A-18A21B6CC74A} = {79A5A792-0898-4551-93CC-B487EA7B1E4A}
	EndGlobalSection
	GlobalSection(ProjectConfigurationPlatforms) = postSolution
		{0B65772F-6B34-438B-829A-18A21B6CC74A}.Debug|Any CPU.ActiveCfg = Debug|Any CPU
		{0B65772F-6B34-438B-829A-18A21B6CC74A}.Debug|Any CPU.Build.0 = Debug|Any CPU
		{0B65772F-6B34-438B-829A-18A21B6CC74A}.Release|Any CPU.ActiveCfg = Release|Any CPU
		{0B65772F-6B34-438B-829A-18A21B6CC74A}.Release|Any CPU.Build.0 = Release|Any CPU
	EndGlobalSection
EndGlobal
